# This file was autogenerated by Stack.
# You should not edit this file by hand.
# For more information, please see the documentation at:
#   https://docs.haskellstack.org/en/stable/lock_files

packages:
- completed:
    hackage: hedgehog-classes-0.2.4@sha256:f38ce9900e03e45108cb0f27860b8bf3671e0261d5e2197b4fa1bc27acb77df7,5355
    pantry-tree:
      size: 5059
      sha256: a294760bf52590c0998b139993d53169aa4a6f031f8d2e130c6d1742e82e0c71
  original:
    hackage: hedgehog-classes-0.2.4@sha256:f38ce9900e03e45108cb0f27860b8bf3671e0261d5e2197b4fa1bc27acb77df7
snapshots:
- completed:
    size: 524789
    url: https://raw.githubusercontent.com/commercialhaskell/stackage-snapshots/master/lts/14/18.yaml
    sha256: 646be71223e08234131c6989912e6011e01b9767bc447b6d466a35e14360bdf2
  original: lts-14.18
